github.com/Sirupsen/logrus v0.0.0-20180315010703-90150a8ed11b h1:4MlkQnRPZPAuXGuUmnEtFjFxdD4jNZ5r/sqKIuEuX8c=
github.com/Sirupsen/logrus v0.0.0-20180315010703-90150a8ed11b/go.mod h1:rmk17hk6i8ZSAJkSDa7nOxamrG+SP4P0mm+DAvExv4U=
github.com/aead/skein v0.0.0-20160722084837-9365ae6e95d2 h1:q5TSngwXJdajCyZPQR+eKyRRgI3/ZXC/Nq1ZxZ4Zxu8=
github.com/aead/skein v0.0.0-20160722084837-9365ae6e95d2/go.mod h1:4JBZEId5BaLqvA2DGU53phvwkn2WpeLhNSF79/uKBPs=
github.com/bitgoin/lyra2rev2 v0.0.0-20161212102046-bae9ad2043bb h1:2FbdV3Tfmli5z4jYgKrosbBRAA48PtYbt4igU5HaXY4=
github.com/bitgoin/lyra2rev2 v0.0.0-20161212102046-bae9ad2043bb/go.mod h1:0vfuB+dfDvUoqr7oGBAZzGvaAyxfKFsYnRwUrNM4ft8=
github.com/btcsuite/golangcrypto v0.0.0-20150304025918-53f62d9b43e8 h1:nOsAWScwueMVk/VLm/dvQQD7DuanyvAUb6B3P3eT274=
github.com/btcsuite/golangcrypto v0.0.0-20150304025918-53f62d9b43e8/go.mod h1:tYvUd8KLhm/oXvUeSEs2VlLghFjQt9+ZaF9ghH0JNjc=
github.com/coreos/bbolt v0.0.0-20180318001526-af9db2027c98 h1:0gQU5Ebjs1V8Ow5bBzxZzr0peNjJILSkSb30IfZtshQ=
github.com/coreos/bbolt v0.0.0-20180318001526-af9db2027c98/go.mod h1:iRUV2dpdMOn7Bo10OQBFzIJO9kkE559Wcmn+qkEiiKk=
github.com/dchest/blake256 v1.0.0 h1:6gUgI5MHdz9g0TdrgKqXsoDX+Zjxmm1Sc6OsoGru50I=
github.com/dchest/blake256 v1.0.0/go.mod h1:xXNWCE1jsAP8DAjP+rKw2MbeqLczjI3TRx2VK+9OEYY=
github.com/golang/protobuf v0.0.0-20180202184318-bbd03ef6da3a h1:9xtEQaWwpPa1IeJROAONpl9Q0rXujyf4RISq8tRGQFo=
github.com/golang/protobuf v0.0.0-20180202184318-bbd03ef6da3a/go.mod h1:6lQm79b+lXiMfvg/cZm0SGofjICqVBUtrP5yJMmIC1U=
github.com/grpc-ecosystem/grpc-gateway v0.0.0-20170724004829-f2862b476edc h1:3NXdOHZ1YlN6SGP3FPbn4k73O2MeEp065abehRwGFxI=
github.com/grpc-ecosystem/grpc-gateway v0.0.0-20170724004829-f2862b476edc/go.mod h1:RSKVYQBd5MCa4OVpNdGskqpgL2+G+NZTnrVHpWWfpdw=
github.com/juju/loggo v0.0.0-20170605014607-8232ab8918d9 h1:Y+lzErDTURqeXqlqYi4YBYbDd7ycU74gW1ADt57/bgY=
github.com/juju/loggo v0.0.0-20170605014607-8232ab8918d9/go.mod h1:vgyd7OREkbtVEN/8IXZe5Ooef3LQePvuBm9UWj6ZL8U=
github.com/miekg/dns v0.0.0-20180315090945-5b169d1842fb h1:5zPlBXk9C47ygV/RDbhXymgZ89nNAZn/Na9c3age6+M=
github.com/miekg/dns v0.0.0-20180315090945-5b169d1842fb/go.mod h1:W1PPwlIAgtquWBMBEV9nkV9Cazfe8ScdGz/Lj7v3Nrg=
github.com/roasbeef/btcwallet v0.0.0-20180314213439-45445d1b0967 h1:wB+o3zaQ9Hp3H3PRkxpUtcQ989wj8XAu8xOIuuKVCRM=
github.com/roasbeef/btcwallet v0.0.0-20180314213439-45445d1b0967/go.mod h1:goBH4LGKmFYicHRfH1xJhWiBZE9mB73fngtZ2hacyCk=
github.com/rogpeppe/fastuuid v0.0.0-20150106093220-6724a57986af h1:gu+uRPtBe88sKxUCEXRoeCvVG90TJmwhiqRpvdhQFng=
github.com/rogpeppe/fastuuid v0.0.0-20150106093220-6724a57986af/go.mod h1:XWv6SoW27p1b0cqNHllgS5HIMJraePCO15w5zCzIWYg=
github.com/wakiyamap/lnd v0.0.0-20180405030458-63004942c89f h1:qznWwCsoOB49tURrrS5kiDA1FaiA9Mn2qSTzjn+Mg8g=
github.com/wakiyamap/lnd v0.0.0-20180405030458-63004942c89f/go.mod h1:up1F1v+P4Cqiiqh++YnWaPPLhQb5CmSEEukYh7vazaM=
github.com/wakiyamap/lyra2rev2 v0.0.0-20161212102046-bae9ad2043bb h1:/3dipzpAEzGgWktMH0et8pxSXi9W8qTbmqE0NpzCvBQ=
github.com/wakiyamap/lyra2rev2 v0.0.0-20161212102046-bae9ad2043bb/go.mod h1:n6x1pVUygiyJ1Tu1j/ah2cc5HdHRsxWa15ZqhumHjIo=
github.com/wakiyamap/monad v0.0.0-20180403135225-334ed97b9973 h1:edqqaIytng8iBXsQSm5jjaVhuOp4dgucQdyI5rhtwOg=
github.com/wakiyamap/monad v0.0.0-20180403135225-334ed97b9973/go.mod h1:EwPkGI6yt9dQHk+dCftKFb8RrHyOE6w7PmgWgkm6t/M=
github.com/wakiyamap/monautil v0.0.0-20180403133017-5633c0880c69 h1:lWl+v0u86yvmmt/qwQQhZCy4etyaex/Wk7AQBeOOtbg=
github.com/wakiyamap/monautil v0.0.0-20180403133017-5633c0880c69/go.mod h1:Tc0ZfwQnciD+0GtqI6dVBaAK2+mmIZGZqHO2y9dmUes=
golang.org/x/crypto v0.0.0-20170930174604-9419663f5a44 h1:9lP3x0pW80sDI6t1UMSLA4to18W7R7imwAI/sWS9S8Q=
golang.org/x/crypto v0.0.0-20170930174604-9419663f5a44/go.mod h1:6SG95UA2DQfeDnfUPMdvaQW0Q7yPrPDi9nlGo2tz2b4=
golang.org/x/net v0.0.0-20180317175401-24dd3780ca4f h1:0boFcGnduzgIGptcBMbxdHgHx5GEfTZcuzbve08cTLQ=
golang.org/x/net v0.0.0-20180317175401-24dd3780ca4f/go.mod h1:mL1N/T3taQHkDXs73rZJwtUhF3w3ftmwwsq0BUmARs4=
golang.org/x/sys v0.0.0-20180316202216-2f1e207ee39f h1:KjX81lL92yfj4utcAnxT/sgJt8XTuOkDN7Rr3HJmmZ8=
golang.org/x/sys v0.0.0-20180316202216-2f1e207ee39f/go.mod h1:STP8DvDyc/dI5b8T5hshtkjS+E42TnysNCUPdjciGhY=
golang.org/x/text v0.0.0-20180315130413-8c34f848e18c h1:Wt57uQ7dO+nPY/QbSk2xAyBT6cfmnPEaDi/2orucOnU=
golang.org/x/text v0.0.0-20180315130413-8c34f848e18c/go.mod h1:NqM8EUOU14njkJ3fqMW+pc6Ldnwhi/IjpwHt7yyuwOQ=
google.golang.org/genproto v0.0.0-20180316064809-f8c870359523 h1:wh01ha/pJ/Oqif/aQi600uZ98/tzo8wwZ2q2gSoH7pU=
google.golang.org/genproto v0.0.0-20180316064809-f8c870359523/go.mod h1:JiN7NxoALGmiZfu7CAH4rXhgtRTLTxftemlI0sWmxmc=
google.golang.org/grpc v1.5.2 h1:b6oAqMSH36Omv3KU5KuN6qB2jaJClahvIWSmfQtfyFw=
google.golang.org/grpc v1.5.2/go.mod h1:yo6s7OP7yaDglbqo1J04qKzAhqBH6lvTonzMVmEdcZw=
gopkg.in/errgo.v1 v1.0.0-20161222125816-442357a80af5 h1:C61FEf19ZFrkIbSSCWRHvzrtgrcRh/kiH4HZ5VIIqe8=
gopkg.in/errgo.v1 v1.0.0-20161222125816-442357a80af5/go.mod h1:u0ALmqvLRxLI95fkdCEWrE6mhWYZW1aMOJHp5YXLHTg=
gopkg.in/macaroon-bakery.v2 v2.0.1 h1:0N1TlEdfLP4HXNCg7MQUMp5XwvOoxk+oe9Owr2cpvsc=
gopkg.in/macaroon-bakery.v2 v2.0.1/go.mod h1:B4/T17l+ZWGwxFSZQmlBwp25x+og7OkhETfr3S9MbIA=
gopkg.in/macaroon.v2 v2.0.0 h1:LVWycAfeJBUjCIqfR9gqlo7I8vmiXRr51YEOZ1suop8=
gopkg.in/macaroon.v2 v2.0.0/go.mod h1:+I6LnTMkm/uV5ew/0nsulNjL16SK4+C8yDmRUzHR17I=
