# This file is autogenerated, do not edit; changes may be undone by the next 'dep ensure'.


[[projects]]
  name = "github.com/Sirupsen/logrus"
  packages = ["."]
  revision = "c155da19408a8799da419ed3eeb0cb5db0ad5dbc"
  version = "v1.0.5"

[[projects]]
  branch = "master"
  name = "github.com/btcsuite/golangcrypto"
  packages = [
    "nacl/secretbox",
    "pbkdf2",
    "poly1305",
    "ripemd160",
    "salsa20/salsa",
    "scrypt"
  ]
  revision = "53f62d9b43e87a6c56975cf862af7edf33a8d0df"

[[projects]]
  name = "github.com/coreos/bbolt"
  packages = ["."]
  revision = "4f5275f4ebbf6fe7cb772de987fa96ee674460a7"

[[projects]]
  name = "github.com/davecgh/go-spew"
  packages = ["spew"]
  revision = "346938d642f2ec3594ed81d874461961cd0faa76"
  version = "v1.1.0"

[[projects]]
  name = "github.com/golang/protobuf"
  packages = [
    "jsonpb",
    "proto",
    "protoc-gen-go/descriptor",
    "ptypes/any",
    "ptypes/struct"
  ]
  revision = "bbd03ef6da3a115852eaf24c8a1c46aeb39aa175"

[[projects]]
  name = "github.com/grpc-ecosystem/grpc-gateway"
  packages = [
    "runtime",
    "runtime/internal",
    "utilities"
  ]
  revision = "f2862b476edcef83412c7af8687c9cd8e4097c0f"

[[projects]]
  branch = "master"
  name = "github.com/juju/loggo"
  packages = ["."]
  revision = "584905176618da46b895b176c721b02c476b6993"

[[projects]]
  name = "github.com/lightningnetwork/lnd"
  packages = [
    "lnrpc",
    "macaroons"
  ]
  revision = "7cf5ebe2650b6798182e10be198c7ffc1f1d6e19"
  version = "v0.4.2-beta"

[[projects]]
  name = "github.com/miekg/dns"
  packages = ["."]
  revision = "e57bf427e68187a27e22adceac868350d7a7079b"
  version = "v1.0.7"

[[projects]]
  branch = "master"
  name = "github.com/roasbeef/btcd"
  packages = [
    "btcec",
    "chaincfg",
    "chaincfg/chainhash",
    "wire"
  ]
  revision = "a03db407e40d3b66ea29984263bbc8bf4d2f04c4"

[[projects]]
  branch = "master"
  name = "github.com/roasbeef/btcutil"
  packages = [
    ".",
    "base58",
    "bech32"
  ]
  revision = "dfb640c57141f1c2113b92b4b16d2a89c30dd258"

[[projects]]
  name = "github.com/roasbeef/btcwallet"
  packages = [
    "internal/zero",
    "snacl"
  ]
  revision = "ccd48bb4720f2baeaa795cac81264f6ced2da4c7"

[[projects]]
  branch = "master"
  name = "github.com/rogpeppe/fastuuid"
  packages = ["."]
  revision = "6724a57986aff9bff1a1770e9347036def7c89f6"

[[projects]]
  branch = "master"
  name = "golang.org/x/crypto"
  packages = [
    "curve25519",
    "ed25519",
    "ed25519/internal/edwards25519",
    "nacl/box",
    "nacl/secretbox",
    "poly1305",
    "ripemd160",
    "salsa20/salsa",
    "ssh/terminal"
  ]
  revision = "5ba7f63082460102a45837dbd1827e10f9479ac0"

[[projects]]
  name = "golang.org/x/net"
  packages = [
    "bpf",
    "context",
    "http2",
    "http2/hpack",
    "idna",
    "internal/iana",
    "internal/socket",
    "internal/timeseries",
    "ipv4",
    "ipv6",
    "lex/httplex",
    "trace"
  ]
  revision = "ae89d30ce0c63142b652837da33d782e2b0a9b25"

[[projects]]
  branch = "master"
  name = "golang.org/x/sys"
  packages = [
    "unix",
    "windows"
  ]
  revision = "c11f84a56e43e20a78cee75a7c034031ecf57d1f"

[[projects]]
  name = "golang.org/x/text"
  packages = [
    "collate",
    "collate/build",
    "internal/colltab",
    "internal/gen",
    "internal/tag",
    "internal/triegen",
    "internal/ucd",
    "language",
    "secure/bidirule",
    "transform",
    "unicode/bidi",
    "unicode/cldr",
    "unicode/norm",
    "unicode/rangetable"
  ]
  revision = "f21a4dfb5e38f5895301dc265a8def02365cc3d0"
  version = "v0.3.0"

[[projects]]
  name = "google.golang.org/genproto"
  packages = [
    "googleapis/api/annotations",
    "googleapis/rpc/status"
  ]
  revision = "df60624c1e9b9d2973e889c7a1cff73155da81c4"

[[projects]]
  name = "google.golang.org/grpc"
  packages = [
    ".",
    "codes",
    "connectivity",
    "credentials",
    "grpclb/grpc_lb_v1",
    "grpclog",
    "internal",
    "keepalive",
    "metadata",
    "naming",
    "peer",
    "stats",
    "status",
    "tap",
    "transport"
  ]
  revision = "b3ddf786825de56a4178401b7e174ee332173b66"
  version = "v1.5.2"

[[projects]]
  branch = "v1"
  name = "gopkg.in/errgo.v1"
  packages = ["."]
  revision = "c17903c6b19d5dedb9cfba9fa314c7fae63e554f"

[[projects]]
  name = "gopkg.in/macaroon-bakery.v2"
  packages = [
    "bakery",
    "bakery/checkers",
    "bakery/internal/macaroonpb"
  ]
  revision = "94012773d2874a067572bd16d7d11ae02968b47b"

[[projects]]
  name = "gopkg.in/macaroon.v2"
  packages = ["."]
  revision = "bed2a428da6e56d950bed5b41fcbae3141e5b0d0"
  version = "v2.0.0"

[solve-meta]
  analyzer-name = "dep"
  analyzer-version = 1
  inputs-digest = "0a1f9382f590a07840ece3b385dbe2ba60f3ae1912379e0e6263c2bebd29bbb2"
  solver-name = "gps-cdcl"
  solver-version = 1
